
Microsoft Visual Studio Solution File, Format Version 12.00
# Visual Studio Version 16
VisualStudioVersion = 16.0.28803.352
MinimumVisualStudioVersion = 10.0.40219.1
Project("{9A19103F-16F7-4668-BE54-9A1E7A4F7556}") = "RenameFiles", "renamefiles\RenameFiles.csproj", "{C2140EC1-A152-46AE-BF3D-F45385F7E530}"
EndProject
Global
	GlobalSection(SolutionConfigurationPlatforms) = preSolution
		Debug|Any CPU = Debug|Any CPU
		Release|Any CPU = Release|Any CPU
	EndGlobalSection
	GlobalSection(ProjectConfigurationPlatforms) = postSolution
		{C2140EC1-A152-46AE-BF3D-F45385F7E530}.Debug|Any CPU.ActiveCfg = Debug|Any CPU
		{C2140EC1-A152-46AE-BF3D-F45385F7E530}.Debug|Any CPU.Build.0 = Debug|Any CPU
		{C2140EC1-A152-46AE-BF3D-F45385F7E530}.Release|Any CPU.ActiveCfg = Release|Any CPU
		{C2140EC1-A152-46AE-BF3D-F45385F7E530}.Release|Any CPU.Build.0 = Release|Any CPU
	EndGlobalSection
	GlobalSection(SolutionProperties) = preSolution
		HideSolutionNode = FALSE
	EndGlobalSection
	GlobalSection(ExtensibilityGlobals) = postSolution
		SolutionGuid = {9D2CDADC-62DA-4BDD-AE21-37C10BE0C175}
	EndGlobalSection
EndGlobal
